// !$*UTF8*$!
{
	archiveVersion = 1;
	classes = {
	};
	objectVersion = 46;
	objects = {

/* Begin PBXBuildFile section */
		CE21BE63196653C2004008AB /* Common.m in Sources */ = {isa = PBXBuildFile; fileRef = CE21BE62196653C2004008AB /* Common.m */; };
		CE21BE65196653F1004008AB /* main.m in Sources */ = {isa = PBXBuildFile; fileRef = CE21BE64196653F1004008AB /* main.m */; };
		CE21BE681966541B004008AB /* AppDelegate.m in Sources */ = {isa = PBXBuildFile; fileRef = CE21BE671966541B004008AB /* AppDelegate.m */; };
		CE21BE6A19665444004008AB /* Terms.m in Sources */ = {isa = PBXBuildFile; fileRef = CE21BE6919665444004008AB /* Terms.m */; };
		CE21BE6C1966547B004008AB /* Salad.m in Sources */ = {isa = PBXBuildFile; fileRef = CE21BE6B1966547B004008AB /* Salad.m */; };
		CE21BE6E196654AF004008AB /* Tags.m in Sources */ = {isa = PBXBuildFile; fileRef = CE21BE6D196654AF004008AB /* Tags.m */; };
		CE21BE7019665515004008AB /* TermsByTagVC.m in Sources */ = {isa = PBXBuildFile; fileRef = CE21BE6F19665515004008AB /* TermsByTagVC.m */; };
		CE21BE741966556E004008AB /* DetailViewController.m in Sources */ = {isa = PBXBuildFile; fileRef = CE21BE731966556E004008AB /* DetailViewController.m */; };
		CE21BE7A19665626004008AB /* Main_iPhone.storyboard in Resources */ = {isa = PBXBuildFile; fileRef = CE21BE7819665626004008AB /* Main_iPhone.storyboard */; };
		CE21BE7C19665667004008AB /* appconfig.plist in Resources */ = {isa = PBXBuildFile; fileRef = CE21BE7B19665667004008AB /* appconfig.plist */; };
		CE21BE7E1966576F004008AB /* Images.xcassets in Resources */ = {isa = PBXBuildFile; fileRef = CE21BE7D1966576F004008AB /* Images.xcassets */; };
		CE21BE81196657C1004008AB /* InfoPlist.strings in Resources */ = {isa = PBXBuildFile; fileRef = CE21BE7F196657C1004008AB /* InfoPlist.strings */; };
		CE21BE871966591F004008AB /* DWTagList.m in Sources */ = {isa = PBXBuildFile; fileRef = CE21BE861966591F004008AB /* DWTagList.m */; };
		CE67B22F19592574001FEA7F /* AFHTTPRequestOperation.m in Sources */ = {isa = PBXBuildFile; fileRef = CE67B21D19592574001FEA7F /* AFHTTPRequestOperation.m */; };
		CE67B23019592574001FEA7F /* AFHTTPRequestOperationManager.m in Sources */ = {isa = PBXBuildFile; fileRef = CE67B21F19592574001FEA7F /* AFHTTPRequestOperationManager.m */; };
		CE67B23119592574001FEA7F /* AFHTTPSessionManager.m in Sources */ = {isa = PBXBuildFile; fileRef = CE67B22119592574001FEA7F /* AFHTTPSessionManager.m */; };
		CE67B23219592574001FEA7F /* AFNetworkReachabilityManager.m in Sources */ = {isa = PBXBuildFile; fileRef = CE67B22419592574001FEA7F /* AFNetworkReachabilityManager.m */; };
		CE67B23319592574001FEA7F /* AFSecurityPolicy.m in Sources */ = {isa = PBXBuildFile; fileRef = CE67B22619592574001FEA7F /* AFSecurityPolicy.m */; };
		CE67B23419592574001FEA7F /* AFURLConnectionOperation.m in Sources */ = {isa = PBXBuildFile; fileRef = CE67B22819592574001FEA7F /* AFURLConnectionOperation.m */; };
		CE67B23519592574001FEA7F /* AFURLRequestSerialization.m in Sources */ = {isa = PBXBuildFile; fileRef = CE67B22A19592574001FEA7F /* AFURLRequestSerialization.m */; };
		CE67B23619592574001FEA7F /* AFURLResponseSerialization.m in Sources */ = {isa = PBXBuildFile; fileRef = CE67B22C19592574001FEA7F /* AFURLResponseSerialization.m */; };
		CE67B23719592574001FEA7F /* AFURLSessionManager.m in Sources */ = {isa = PBXBuildFile; fileRef = CE67B22E19592574001FEA7F /* AFURLSessionManager.m */; };
		CEA4FADB196A26D800B3F823 /* Jobs.m in Sources */ = {isa = PBXBuildFile; fileRef = CEA4FADA196A26D800B3F823 /* Jobs.m */; };
		CEED3EE619589DB0002D1785 /* Foundation.framework in Frameworks */ = {isa = PBXBuildFile; fileRef = CEED3EE519589DB0002D1785 /* Foundation.framework */; };
		CEED3EE819589DB0002D1785 /* CoreGraphics.framework in Frameworks */ = {isa = PBXBuildFile; fileRef = CEED3EE719589DB0002D1785 /* CoreGraphics.framework */; };
		CEED3EEA19589DB0002D1785 /* UIKit.framework in Frameworks */ = {isa = PBXBuildFile; fileRef = CEED3EE919589DB0002D1785 /* UIKit.framework */; };
		CEED3F0B19589DB0002D1785 /* XCTest.framework in Frameworks */ = {isa = PBXBuildFile; fileRef = CEED3F0A19589DB0002D1785 /* XCTest.framework */; };
		CEED3F0C19589DB0002D1785 /* Foundation.framework in Frameworks */ = {isa = PBXBuildFile; fileRef = CEED3EE519589DB0002D1785 /* Foundation.framework */; };
		CEED3F0D19589DB0002D1785 /* UIKit.framework in Frameworks */ = {isa = PBXBuildFile; fileRef = CEED3EE919589DB0002D1785 /* UIKit.framework */; };
		CEED3F1719589DB0002D1785 /* techlingoTests.m in Sources */ = {isa = PBXBuildFile; fileRef = CEED3F1619589DB0002D1785 /* techlingoTests.m */; };
/* End PBXBuildFile section */

/* Begin PBXContainerItemProxy section */
		CEED3F0E19589DB0002D1785 /* PBXContainerItemProxy */ = {
			isa = PBXContainerItemProxy;
			containerPortal = CEED3EDA19589DB0002D1785 /* Project object */;
			proxyType = 1;
			remoteGlobalIDString = CEED3EE119589DB0002D1785;
			remoteInfo = techlingo;
		};
/* End PBXContainerItemProxy section */

/* Begin PBXFileReference section */
		CE21BE61196653C2004008AB /* Common.h */ = {isa = PBXFileReference; fileEncoding = 4; lastKnownFileType = sourcecode.c.h; path = Common.h; sourceTree = SOURCE_ROOT; };
		CE21BE62196653C2004008AB /* Common.m */ = {isa = PBXFileReference; fileEncoding = 4; lastKnownFileType = sourcecode.c.objc; path = Common.m; sourceTree = SOURCE_ROOT; };
		CE21BE64196653F1004008AB /* main.m */ = {isa = PBXFileReference; fileEncoding = 4; lastKnownFileType = sourcecode.c.objc; path = main.m; sourceTree = SOURCE_ROOT; };
		CE21BE661966541B004008AB /* AppDelegate.h */ = {isa = PBXFileReference; fileEncoding = 4; lastKnownFileType = sourcecode.c.h; path = AppDelegate.h; sourceTree = SOURCE_ROOT; };
		CE21BE671966541B004008AB /* AppDelegate.m */ = {isa = PBXFileReference; fileEncoding = 4; lastKnownFileType = sourcecode.c.objc; path = AppDelegate.m; sourceTree = SOURCE_ROOT; };
		CE21BE6919665444004008AB /* Terms.m */ = {isa = PBXFileReference; fileEncoding = 4; lastKnownFileType = sourcecode.c.objc; path = Terms.m; sourceTree = "<group>"; };
		CE21BE6B1966547B004008AB /* Salad.m */ = {isa = PBXFileReference; fileEncoding = 4; lastKnownFileType = sourcecode.c.objc; path = Salad.m; sourceTree = "<group>"; };
		CE21BE6D196654AF004008AB /* Tags.m */ = {isa = PBXFileReference; fileEncoding = 4; lastKnownFileType = sourcecode.c.objc; path = Tags.m; sourceTree = "<group>"; };
		CE21BE6F19665515004008AB /* TermsByTagVC.m */ = {isa = PBXFileReference; fileEncoding = 4; lastKnownFileType = sourcecode.c.objc; path = TermsByTagVC.m; sourceTree = "<group>"; };
		CE21BE731966556E004008AB /* DetailViewController.m */ = {isa = PBXFileReference; fileEncoding = 4; lastKnownFileType = sourcecode.c.objc; path = DetailViewController.m; sourceTree = "<group>"; };
		CE21BE7919665626004008AB /* Base */ = {isa = PBXFileReference; lastKnownFileType = file.storyboard; name = Base; path = Base.lproj/Main_iPhone.storyboard; sourceTree = SOURCE_ROOT; };
		CE21BE7B19665667004008AB /* appconfig.plist */ = {isa = PBXFileReference; fileEncoding = 4; lastKnownFileType = text.plist.xml; path = appconfig.plist; sourceTree = "<group>"; };
		CE21BE7D1966576F004008AB /* Images.xcassets */ = {isa = PBXFileReference; lastKnownFileType = folder.assetcatalog; path = Images.xcassets; sourceTree = SOURCE_ROOT; };
		CE21BE80196657C1004008AB /* en */ = {isa = PBXFileReference; lastKnownFileType = text.plist.strings; name = en; path = en.lproj/InfoPlist.strings; sourceTree = "<group>"; };
		CE21BE851966591F004008AB /* DWTagList.h */ = {isa = PBXFileReference; fileEncoding = 4; lastKnownFileType = sourcecode.c.h; path = DWTagList.h; sourceTree = "<group>"; };
		CE21BE861966591F004008AB /* DWTagList.m */ = {isa = PBXFileReference; fileEncoding = 4; lastKnownFileType = sourcecode.c.objc; path = DWTagList.m; sourceTree = "<group>"; };
		CE29F2FC195FDBF60031FC23 /* Tags.h */ = {isa = PBXFileReference; fileEncoding = 4; lastKnownFileType = sourcecode.c.h; path = Tags.h; sourceTree = "<group>"; };
		CE67B21C19592574001FEA7F /* AFHTTPRequestOperation.h */ = {isa = PBXFileReference; fileEncoding = 4; lastKnownFileType = sourcecode.c.h; path = AFHTTPRequestOperation.h; sourceTree = "<group>"; };
		CE67B21D19592574001FEA7F /* AFHTTPRequestOperation.m */ = {isa = PBXFileReference; fileEncoding = 4; lastKnownFileType = sourcecode.c.objc; path = AFHTTPRequestOperation.m; sourceTree = "<group>"; };
		CE67B21E19592574001FEA7F /* AFHTTPRequestOperationManager.h */ = {isa = PBXFileReference; fileEncoding = 4; lastKnownFileType = sourcecode.c.h; path = AFHTTPRequestOperationManager.h; sourceTree = "<group>"; };
		CE67B21F19592574001FEA7F /* AFHTTPRequestOperationManager.m */ = {isa = PBXFileReference; fileEncoding = 4; lastKnownFileType = sourcecode.c.objc; path = AFHTTPRequestOperationManager.m; sourceTree = "<group>"; };
		CE67B22019592574001FEA7F /* AFHTTPSessionManager.h */ = {isa = PBXFileReference; fileEncoding = 4; lastKnownFileType = sourcecode.c.h; path = AFHTTPSessionManager.h; sourceTree = "<group>"; };
		CE67B22119592574001FEA7F /* AFHTTPSessionManager.m */ = {isa = PBXFileReference; fileEncoding = 4; lastKnownFileType = sourcecode.c.objc; path = AFHTTPSessionManager.m; sourceTree = "<group>"; };
		CE67B22219592574001FEA7F /* AFNetworking.h */ = {isa = PBXFileReference; fileEncoding = 4; lastKnownFileType = sourcecode.c.h; path = AFNetworking.h; sourceTree = "<group>"; };
		CE67B22319592574001FEA7F /* AFNetworkReachabilityManager.h */ = {isa = PBXFileReference; fileEncoding = 4; lastKnownFileType = sourcecode.c.h; path = AFNetworkReachabilityManager.h; sourceTree = "<group>"; };
		CE67B22419592574001FEA7F /* AFNetworkReachabilityManager.m */ = {isa = PBXFileReference; fileEncoding = 4; lastKnownFileType = sourcecode.c.objc; path = AFNetworkReachabilityManager.m; sourceTree = "<group>"; };
		CE67B22519592574001FEA7F /* AFSecurityPolicy.h */ = {isa = PBXFileReference; fileEncoding = 4; lastKnownFileType = sourcecode.c.h; path = AFSecurityPolicy.h; sourceTree = "<group>"; };
		CE67B22619592574001FEA7F /* AFSecurityPolicy.m */ = {isa = PBXFileReference; fileEncoding = 4; lastKnownFileType = sourcecode.c.objc; path = AFSecurityPolicy.m; sourceTree = "<group>"; };
		CE67B22719592574001FEA7F /* AFURLConnectionOperation.h */ = {isa = PBXFileReference; fileEncoding = 4; lastKnownFileType = sourcecode.c.h; path = AFURLConnectionOperation.h; sourceTree = "<group>"; };
		CE67B22819592574001FEA7F /* AFURLConnectionOperation.m */ = {isa = PBXFileReference; fileEncoding = 4; lastKnownFileType = sourcecode.c.objc; path = AFURLConnectionOperation.m; sourceTree = "<group>"; };
		CE67B22919592574001FEA7F /* AFURLRequestSerialization.h */ = {isa = PBXFileReference; fileEncoding = 4; lastKnownFileType = sourcecode.c.h; path = AFURLRequestSerialization.h; sourceTree = "<group>"; };
		CE67B22A19592574001FEA7F /* AFURLRequestSerialization.m */ = {isa = PBXFileReference; fileEncoding = 4; lastKnownFileType = sourcecode.c.objc; path = AFURLRequestSerialization.m; sourceTree = "<group>"; };
		CE67B22B19592574001FEA7F /* AFURLResponseSerialization.h */ = {isa = PBXFileReference; fileEncoding = 4; lastKnownFileType = sourcecode.c.h; path = AFURLResponseSerialization.h; sourceTree = "<group>"; };
		CE67B22C19592574001FEA7F /* AFURLResponseSerialization.m */ = {isa = PBXFileReference; fileEncoding = 4; lastKnownFileType = sourcecode.c.objc; path = AFURLResponseSerialization.m; sourceTree = "<group>"; };
		CE67B22D19592574001FEA7F /* AFURLSessionManager.h */ = {isa = PBXFileReference; fileEncoding = 4; lastKnownFileType = sourcecode.c.h; path = AFURLSessionManager.h; sourceTree = "<group>"; };
		CE67B22E19592574001FEA7F /* AFURLSessionManager.m */ = {isa = PBXFileReference; fileEncoding = 4; lastKnownFileType = sourcecode.c.objc; path = AFURLSessionManager.m; sourceTree = "<group>"; };
		CEA1B7081962176300F40A95 /* Salad.h */ = {isa = PBXFileReference; fileEncoding = 4; lastKnownFileType = sourcecode.c.h; path = Salad.h; sourceTree = "<group>"; };
		CEA4FAD9196A26D800B3F823 /* Jobs.h */ = {isa = PBXFileReference; fileEncoding = 4; lastKnownFileType = sourcecode.c.h; path = Jobs.h; sourceTree = "<group>"; };
		CEA4FADA196A26D800B3F823 /* Jobs.m */ = {isa = PBXFileReference; fileEncoding = 4; lastKnownFileType = sourcecode.c.objc; path = Jobs.m; sourceTree = "<group>"; };
		CEBF44BB195EA14A00C8270B /* TermsByTagVC.h */ = {isa = PBXFileReference; fileEncoding = 4; lastKnownFileType = sourcecode.c.h; path = TermsByTagVC.h; sourceTree = "<group>"; };
		CEED3EE219589DB0002D1785 /* techlingo.app */ = {isa = PBXFileReference; explicitFileType = wrapper.application; includeInIndex = 0; path = techlingo.app; sourceTree = BUILT_PRODUCTS_DIR; };
		CEED3EE519589DB0002D1785 /* Foundation.framework */ = {isa = PBXFileReference; lastKnownFileType = wrapper.framework; name = Foundation.framework; path = System/Library/Frameworks/Foundation.framework; sourceTree = SDKROOT; };
		CEED3EE719589DB0002D1785 /* CoreGraphics.framework */ = {isa = PBXFileReference; lastKnownFileType = wrapper.framework; name = CoreGraphics.framework; path = System/Library/Frameworks/CoreGraphics.framework; sourceTree = SDKROOT; };
		CEED3EE919589DB0002D1785 /* UIKit.framework */ = {isa = PBXFileReference; lastKnownFileType = wrapper.framework; name = UIKit.framework; path = System/Library/Frameworks/UIKit.framework; sourceTree = SDKROOT; };
		CEED3EED19589DB0002D1785 /* techlingo-Info.plist */ = {isa = PBXFileReference; lastKnownFileType = text.plist.xml; path = "techlingo-Info.plist"; sourceTree = "<group>"; };
		CEED3EF319589DB0002D1785 /* techlingo-Prefix.pch */ = {isa = PBXFileReference; lastKnownFileType = sourcecode.c.h; path = "techlingo-Prefix.pch"; sourceTree = "<group>"; };
		CEED3EFB19589DB0002D1785 /* Base */ = {isa = PBXFileReference; lastKnownFileType = file.storyboard; name = Base; path = Base.lproj/Main_iPad.storyboard; sourceTree = "<group>"; };
		CEED3EFD19589DB0002D1785 /* Terms.h */ = {isa = PBXFileReference; lastKnownFileType = sourcecode.c.h; path = Terms.h; sourceTree = "<group>"; };
		CEED3F0019589DB0002D1785 /* DetailViewController.h */ = {isa = PBXFileReference; lastKnownFileType = sourcecode.c.h; path = DetailViewController.h; sourceTree = "<group>"; };
		CEED3F0919589DB0002D1785 /* techlingoTests.xctest */ = {isa = PBXFileReference; explicitFileType = wrapper.cfbundle; includeInIndex = 0; path = techlingoTests.xctest; sourceTree = BUILT_PRODUCTS_DIR; };
		CEED3F0A19589DB0002D1785 /* XCTest.framework */ = {isa = PBXFileReference; lastKnownFileType = wrapper.framework; name = XCTest.framework; path = Library/Frameworks/XCTest.framework; sourceTree = DEVELOPER_DIR; };
		CEED3F1219589DB0002D1785 /* techlingoTests-Info.plist */ = {isa = PBXFileReference; lastKnownFileType = text.plist.xml; path = "techlingoTests-Info.plist"; sourceTree = "<group>"; };
		CEED3F1619589DB0002D1785 /* techlingoTests.m */ = {isa = PBXFileReference; lastKnownFileType = sourcecode.c.objc; path = techlingoTests.m; sourceTree = "<group>"; };
/* End PBXFileReference section */

/* Begin PBXFrameworksBuildPhase section */
		CEED3EDF19589DB0002D1785 /* Frameworks */ = {
			isa = PBXFrameworksBuildPhase;
			buildActionMask = 2147483647;
			files = (
				CEED3EE819589DB0002D1785 /* CoreGraphics.framework in Frameworks */,
				CEED3EEA19589DB0002D1785 /* UIKit.framework in Frameworks */,
				CEED3EE619589DB0002D1785 /* Foundation.framework in Frameworks */,
			);
			runOnlyForDeploymentPostprocessing = 0;
		};
		CEED3F0619589DB0002D1785 /* Frameworks */ = {
			isa = PBXFrameworksBuildPhase;
			buildActionMask = 2147483647;
			files = (
				CEED3F0B19589DB0002D1785 /* XCTest.framework in Frameworks */,
				CEED3F0D19589DB0002D1785 /* UIKit.framework in Frameworks */,
				CEED3F0C19589DB0002D1785 /* Foundation.framework in Frameworks */,
			);
			runOnlyForDeploymentPostprocessing = 0;
		};
/* End PBXFrameworksBuildPhase section */

/* Begin PBXGroup section */
		CE21BE841966590B004008AB /* DWTag */ = {
			isa = PBXGroup;
			children = (
				CE21BE851966591F004008AB /* DWTagList.h */,
				CE21BE861966591F004008AB /* DWTagList.m */,
			);
			name = DWTag;
			sourceTree = "<group>";
		};
		CE67B21B19592574001FEA7F /* AFNetworking */ = {
			isa = PBXGroup;
			children = (
				CE67B21C19592574001FEA7F /* AFHTTPRequestOperation.h */,
				CE67B21D19592574001FEA7F /* AFHTTPRequestOperation.m */,
				CE67B21E19592574001FEA7F /* AFHTTPRequestOperationManager.h */,
				CE67B21F19592574001FEA7F /* AFHTTPRequestOperationManager.m */,
				CE67B22019592574001FEA7F /* AFHTTPSessionManager.h */,
				CE67B22119592574001FEA7F /* AFHTTPSessionManager.m */,
				CE67B22219592574001FEA7F /* AFNetworking.h */,
				CE67B22319592574001FEA7F /* AFNetworkReachabilityManager.h */,
				CE67B22419592574001FEA7F /* AFNetworkReachabilityManager.m */,
				CE67B22519592574001FEA7F /* AFSecurityPolicy.h */,
				CE67B22619592574001FEA7F /* AFSecurityPolicy.m */,
				CE67B22719592574001FEA7F /* AFURLConnectionOperation.h */,
				CE67B22819592574001FEA7F /* AFURLConnectionOperation.m */,
				CE67B22919592574001FEA7F /* AFURLRequestSerialization.h */,
				CE67B22A19592574001FEA7F /* AFURLRequestSerialization.m */,
				CE67B22B19592574001FEA7F /* AFURLResponseSerialization.h */,
				CE67B22C19592574001FEA7F /* AFURLResponseSerialization.m */,
				CE67B22D19592574001FEA7F /* AFURLSessionManager.h */,
				CE67B22E19592574001FEA7F /* AFURLSessionManager.m */,
			);
			name = AFNetworking;
			path = "../../AFNetworking-AFNetworking-20f22fe/AFNetworking";
			sourceTree = "<group>";
		};
		CEED3ED919589DB0002D1785 = {
			isa = PBXGroup;
			children = (
				CE21BE661966541B004008AB /* AppDelegate.h */,
				CE21BE671966541B004008AB /* AppDelegate.m */,
				CE21BE61196653C2004008AB /* Common.h */,
				CE21BE62196653C2004008AB /* Common.m */,
				CE21BE841966590B004008AB /* DWTag */,
				CE21BE7F196657C1004008AB /* InfoPlist.strings */,
				CE21BE7B19665667004008AB /* appconfig.plist */,
				CEED3F0019589DB0002D1785 /* DetailViewController.h */,
				CE21BE731966556E004008AB /* DetailViewController.m */,
				CEA4FAD9196A26D800B3F823 /* Jobs.h */,
				CEA4FADA196A26D800B3F823 /* Jobs.m */,
				CEBF44BB195EA14A00C8270B /* TermsByTagVC.h */,
				CE21BE6F19665515004008AB /* TermsByTagVC.m */,
				CE29F2FC195FDBF60031FC23 /* Tags.h */,
				CE21BE6D196654AF004008AB /* Tags.m */,
				CEED3EFD19589DB0002D1785 /* Terms.h */,
				CE21BE6919665444004008AB /* Terms.m */,
				CE21BE6B1966547B004008AB /* Salad.m */,
				CEA1B7081962176300F40A95 /* Salad.h */,
				CE67B21B19592574001FEA7F /* AFNetworking */,
				CEED3EEB19589DB0002D1785 /* techlingo */,
				CEED3F1019589DB0002D1785 /* techlingoTests */,
				CEED3EE419589DB0002D1785 /* Frameworks */,
				CEED3EE319589DB0002D1785 /* Products */,
			);
			sourceTree = "<group>";
		};
		CEED3EE319589DB0002D1785 /* Products */ = {
			isa = PBXGroup;
			children = (
				CEED3EE219589DB0002D1785 /* techlingo.app */,
				CEED3F0919589DB0002D1785 /* techlingoTests.xctest */,
			);
			name = Products;
			sourceTree = "<group>";
		};
		CEED3EE419589DB0002D1785 /* Frameworks */ = {
			isa = PBXGroup;
			children = (
				CEED3EE519589DB0002D1785 /* Foundation.framework */,
				CEED3EE719589DB0002D1785 /* CoreGraphics.framework */,
				CEED3EE919589DB0002D1785 /* UIKit.framework */,
				CEED3F0A19589DB0002D1785 /* XCTest.framework */,
			);
			name = Frameworks;
			sourceTree = "<group>";
		};
		CEED3EEB19589DB0002D1785 /* techlingo */ = {
			isa = PBXGroup;
			children = (
				CE21BE7D1966576F004008AB /* Images.xcassets */,
				CE21BE7819665626004008AB /* Main_iPhone.storyboard */,
				CEED3EFA19589DB0002D1785 /* Main_iPad.storyboard */,
				CEED3EEC19589DB0002D1785 /* Supporting Files */,
			);
			path = techlingo;
			sourceTree = "<group>";
		};
		CEED3EEC19589DB0002D1785 /* Supporting Files */ = {
			isa = PBXGroup;
			children = (
				CE21BE64196653F1004008AB /* main.m */,
				CEED3EED19589DB0002D1785 /* techlingo-Info.plist */,
				CEED3EF319589DB0002D1785 /* techlingo-Prefix.pch */,
			);
			name = "Supporting Files";
			sourceTree = "<group>";
		};
		CEED3F1019589DB0002D1785 /* techlingoTests */ = {
			isa = PBXGroup;
			children = (
				CEED3F1619589DB0002D1785 /* techlingoTests.m */,
				CEED3F1119589DB0002D1785 /* Supporting Files */,
			);
			path = techlingoTests;
			sourceTree = "<group>";
		};
		CEED3F1119589DB0002D1785 /* Supporting Files */ = {
			isa = PBXGroup;
			children = (
				CEED3F1219589DB0002D1785 /* techlingoTests-Info.plist */,
			);
			name = "Supporting Files";
			sourceTree = "<group>";
		};
/* End PBXGroup section */

/* Begin PBXNativeTarget section */
		CEED3EE119589DB0002D1785 /* techlingo */ = {
			isa = PBXNativeTarget;
			buildConfigurationList = CEED3F1A19589DB0002D1785 /* Build configuration list for PBXNativeTarget "techlingo" */;
			buildPhases = (
				CEED3EDE19589DB0002D1785 /* Sources */,
				CEED3EDF19589DB0002D1785 /* Frameworks */,
				CEED3EE019589DB0002D1785 /* Resources */,
			);
			buildRules = (
			);
			dependencies = (
			);
			name = techlingo;
			productName = techlingo;
			productReference = CEED3EE219589DB0002D1785 /* techlingo.app */;
			productType = "com.apple.product-type.application";
		};
		CEED3F0819589DB0002D1785 /* techlingoTests */ = {
			isa = PBXNativeTarget;
			buildConfigurationList = CEED3F1D19589DB0002D1785 /* Build configuration list for PBXNativeTarget "techlingoTests" */;
			buildPhases = (
				CEED3F0519589DB0002D1785 /* Sources */,
				CEED3F0619589DB0002D1785 /* Frameworks */,
				CEED3F0719589DB0002D1785 /* Resources */,
			);
			buildRules = (
			);
			dependencies = (
				CEED3F0F19589DB0002D1785 /* PBXTargetDependency */,
			);
			name = techlingoTests;
			productName = techlingoTests;
			productReference = CEED3F0919589DB0002D1785 /* techlingoTests.xctest */;
			productType = "com.apple.product-type.bundle.unit-test";
		};
/* End PBXNativeTarget section */

/* Begin PBXProject section */
		CEED3EDA19589DB0002D1785 /* Project object */ = {
			isa = PBXProject;
			attributes = {
				LastUpgradeCheck = 0510;
				ORGANIZATIONNAME = "Brenden West";
				TargetAttributes = {
					CEED3EE119589DB0002D1785 = {
						DevelopmentTeam = H5973LM3UE;
					};
					CEED3F0819589DB0002D1785 = {
						TestTargetID = CEED3EE119589DB0002D1785;
					};
				};
			};
			buildConfigurationList = CEED3EDD19589DB0002D1785 /* Build configuration list for PBXProject "techlingo" */;
			compatibilityVersion = "Xcode 3.2";
			developmentRegion = English;
			hasScannedForEncodings = 0;
			knownRegions = (
				en,
				Base,
			);
			mainGroup = CEED3ED919589DB0002D1785;
			productRefGroup = CEED3EE319589DB0002D1785 /* Products */;
			projectDirPath = "";
			projectRoot = "";
			targets = (
				CEED3EE119589DB0002D1785 /* techlingo */,
				CEED3F0819589DB0002D1785 /* techlingoTests */,
			);
		};
/* End PBXProject section */

/* Begin PBXResourcesBuildPhase section */
		CEED3EE019589DB0002D1785 /* Resources */ = {
			isa = PBXResourcesBuildPhase;
			buildActionMask = 2147483647;
			files = (
				CE21BE7C19665667004008AB /* appconfig.plist in Resources */,
				CE21BE7E1966576F004008AB /* Images.xcassets in Resources */,
				CE21BE7A19665626004008AB /* Main_iPhone.storyboard in Resources */,
				CE21BE81196657C1004008AB /* InfoPlist.strings in Resources */,
			);
			runOnlyForDeploymentPostprocessing = 0;
		};
		CEED3F0719589DB0002D1785 /* Resources */ = {
			isa = PBXResourcesBuildPhase;
			buildActionMask = 2147483647;
			files = (
			);
			runOnlyForDeploymentPostprocessing = 0;
		};
/* End PBXResourcesBuildPhase section */

/* Begin PBXSourcesBuildPhase section */
		CEED3EDE19589DB0002D1785 /* Sources */ = {
			isa = PBXSourcesBuildPhase;
			buildActionMask = 2147483647;
			files = (
				CE21BE6E196654AF004008AB /* Tags.m in Sources */,
				CE67B23319592574001FEA7F /* AFSecurityPolicy.m in Sources */,
				CE67B23019592574001FEA7F /* AFHTTPRequestOperationManager.m in Sources */,
				CE21BE681966541B004008AB /* AppDelegate.m in Sources */,
				CE67B23419592574001FEA7F /* AFURLConnectionOperation.m in Sources */,
				CE21BE6A19665444004008AB /* Terms.m in Sources */,
				CE67B22F19592574001FEA7F /* AFHTTPRequestOperation.m in Sources */,
				CE67B23519592574001FEA7F /* AFURLRequestSerialization.m in Sources */,
				CE67B23119592574001FEA7F /* AFHTTPSessionManager.m in Sources */,
				CE21BE65196653F1004008AB /* main.m in Sources */,
				CE67B23219592574001FEA7F /* AFNetworkReachabilityManager.m in Sources */,
				CE21BE741966556E004008AB /* DetailViewController.m in Sources */,
				CE21BE63196653C2004008AB /* Common.m in Sources */,
				CE21BE7019665515004008AB /* TermsByTagVC.m in Sources */,
				CEA4FADB196A26D800B3F823 /* Jobs.m in Sources */,
				CE67B23619592574001FEA7F /* AFURLResponseSerialization.m in Sources */,
				CE67B23719592574001FEA7F /* AFURLSessionManager.m in Sources */,
				CE21BE6C1966547B004008AB /* Salad.m in Sources */,
				CE21BE871966591F004008AB /* DWTagList.m in Sources */,
			);
			runOnlyForDeploymentPostprocessing = 0;
		};
		CEED3F0519589DB0002D1785 /* Sources */ = {
			isa = PBXSourcesBuildPhase;
			buildActionMask = 2147483647;
			files = (
				CEED3F1719589DB0002D1785 /* techlingoTests.m in Sources */,
			);
			runOnlyForDeploymentPostprocessing = 0;
		};
/* End PBXSourcesBuildPhase section */

/* Begin PBXTargetDependency section */
		CEED3F0F19589DB0002D1785 /* PBXTargetDependency */ = {
			isa = PBXTargetDependency;
			target = CEED3EE119589DB0002D1785 /* techlingo */;
			targetProxy = CEED3F0E19589DB0002D1785 /* PBXContainerItemProxy */;
		};
/* End PBXTargetDependency section */

/* Begin PBXVariantGroup section */
		CE21BE7819665626004008AB /* Main_iPhone.storyboard */ = {
			isa = PBXVariantGroup;
			children = (
				CE21BE7919665626004008AB /* Base */,
			);
			name = Main_iPhone.storyboard;
			sourceTree = "<group>";
		};
		CE21BE7F196657C1004008AB /* InfoPlist.strings */ = {
			isa = PBXVariantGroup;
			children = (
				CE21BE80196657C1004008AB /* en */,
			);
			name = InfoPlist.strings;
			sourceTree = "<group>";
		};
		CEED3EFA19589DB0002D1785 /* Main_iPad.storyboard */ = {
			isa = PBXVariantGroup;
			children = (
				CEED3EFB19589DB0002D1785 /* Base */,
			);
			name = Main_iPad.storyboard;
			sourceTree = "<group>";
		};
/* End PBXVariantGroup section */

/* Begin XCBuildConfiguration section */
		CEED3F1819589DB0002D1785 /* Debug */ = {
			isa = XCBuildConfiguration;
			buildSettings = {
				ALWAYS_SEARCH_USER_PATHS = NO;
				CLANG_CXX_LANGUAGE_STANDARD = "gnu++0x";
				CLANG_CXX_LIBRARY = "libc++";
				CLANG_ENABLE_MODULES = YES;
				CLANG_ENABLE_OBJC_ARC = YES;
				CLANG_WARN_BOOL_CONVERSION = YES;
				CLANG_WARN_CONSTANT_CONVERSION = YES;
				CLANG_WARN_DIRECT_OBJC_ISA_USAGE = YES_ERROR;
				CLANG_WARN_EMPTY_BODY = YES;
				CLANG_WARN_ENUM_CONVERSION = YES;
				CLANG_WARN_INT_CONVERSION = YES;
				CLANG_WARN_OBJC_ROOT_CLASS = YES_ERROR;
				CLANG_WARN__DUPLICATE_METHOD_MATCH = YES;
				"CODE_SIGN_IDENTITY[sdk=iphoneos*]" = "iPhone Developer";
				COPY_PHASE_STRIP = NO;
				GCC_C_LANGUAGE_STANDARD = gnu99;
				GCC_DYNAMIC_NO_PIC = NO;
				GCC_OPTIMIZATION_LEVEL = 0;
				GCC_PREPROCESSOR_DEFINITIONS = (
					"DEBUG=1",
					"$(inherited)",
				);
				GCC_SYMBOLS_PRIVATE_EXTERN = NO;
				GCC_WARN_64_TO_32_BIT_CONVERSION = YES;
				GCC_WARN_ABOUT_RETURN_TYPE = YES_ERROR;
				GCC_WARN_UNDECLARED_SELECTOR = YES;
				GCC_WARN_UNINITIALIZED_AUTOS = YES_AGGRESSIVE;
				GCC_WARN_UNUSED_FUNCTION = YES;
				GCC_WARN_UNUSED_VARIABLE = YES;
				IPHONEOS_DEPLOYMENT_TARGET = 7.1;
				ONLY_ACTIVE_ARCH = YES;
				SDKROOT = iphoneos;
				TARGETED_DEVICE_FAMILY = "1,2";
			};
			name = Debug;
		};
		CEED3F1919589DB0002D1785 /* Release */ = {
			isa = XCBuildConfiguration;
			buildSettings = {
				ALWAYS_SEARCH_USER_PATHS = NO;
				CLANG_CXX_LANGUAGE_STANDARD = "gnu++0x";
				CLANG_CXX_LIBRARY = "libc++";
				CLANG_ENABLE_MODULES = YES;
				CLANG_ENABLE_OBJC_ARC = YES;
				CLANG_WARN_BOOL_CONVERSION = YES;
				CLANG_WARN_CONSTANT_CONVERSION = YES;
				CLANG_WARN_DIRECT_OBJC_ISA_USAGE = YES_ERROR;
				CLANG_WARN_EMPTY_BODY = YES;
				CLANG_WARN_ENUM_CONVERSION = YES;
				CLANG_WARN_INT_CONVERSION = YES;
				CLANG_WARN_OBJC_ROOT_CLASS = YES_ERROR;
				CLANG_WARN__DUPLICATE_METHOD_MATCH = YES;
				"CODE_SIGN_IDENTITY[sdk=iphoneos*]" = "iPhone Developer";
				COPY_PHASE_STRIP = YES;
				ENABLE_NS_ASSERTIONS = NO;
				GCC_C_LANGUAGE_STANDARD = gnu99;
				GCC_WARN_64_TO_32_BIT_CONVERSION = YES;
				GCC_WARN_ABOUT_RETURN_TYPE = YES_ERROR;
				GCC_WARN_UNDECLARED_SELECTOR = YES;
				GCC_WARN_UNINITIALIZED_AUTOS = YES_AGGRESSIVE;
				GCC_WARN_UNUSED_FUNCTION = YES;
				GCC_WARN_UNUSED_VARIABLE = YES;
				IPHONEOS_DEPLOYMENT_TARGET = 7.1;
				SDKROOT = iphoneos;
				TARGETED_DEVICE_FAMILY = "1,2";
				VALIDATE_PRODUCT = YES;
			};
			name = Release;
		};
		CEED3F1B19589DB0002D1785 /* Debug */ = {
			isa = XCBuildConfiguration;
			buildSettings = {
				ASSETCATALOG_COMPILER_APPICON_NAME = AppIcon;
				ASSETCATALOG_COMPILER_LAUNCHIMAGE_NAME = LaunchImage;
				CODE_SIGN_IDENTITY = "iPhone Developer";
				GCC_PRECOMPILE_PREFIX_HEADER = YES;
				GCC_PREFIX_HEADER = "techlingo-Prefix.pch";
				INFOPLIST_FILE = "$(SRCROOT)/techlingo-Info.plist";
				IPHONEOS_DEPLOYMENT_TARGET = 6.1;
				PRODUCT_NAME = "$(TARGET_NAME)";
				TARGETED_DEVICE_FAMILY = 1;
				WRAPPER_EXTENSION = app;
			};
			name = Debug;
		};
		CEED3F1C19589DB0002D1785 /* Release */ = {
			isa = XCBuildConfiguration;
			buildSettings = {
				ASSETCATALOG_COMPILER_APPICON_NAME = AppIcon;
				ASSETCATALOG_COMPILER_LAUNCHIMAGE_NAME = LaunchImage;
				CODE_SIGN_IDENTITY = "iPhone Developer";
				GCC_PRECOMPILE_PREFIX_HEADER = YES;
				GCC_PREFIX_HEADER = "techlingo-Prefix.pch";
				INFOPLIST_FILE = "$(SRCROOT)/techlingo-Info.plist";
				IPHONEOS_DEPLOYMENT_TARGET = 6.1;
				PRODUCT_NAME = "$(TARGET_NAME)";
				TARGETED_DEVICE_FAMILY = 1;
				WRAPPER_EXTENSION = app;
			};
			name = Release;
		};
		CEED3F1E19589DB0002D1785 /* Debug */ = {
			isa = XCBuildConfiguration;
			buildSettings = {
				BUNDLE_LOADER = "$(BUILT_PRODUCTS_DIR)/techlingo.app/techlingo";
				FRAMEWORK_SEARCH_PATHS = (
					"$(SDKROOT)/Developer/Library/Frameworks",
					"$(inherited)",
					"$(DEVELOPER_FRAMEWORKS_DIR)",
				);
				GCC_PRECOMPILE_PREFIX_HEADER = YES;
				GCC_PREFIX_HEADER = "techlingo-Prefix.pch";
				GCC_PREPROCESSOR_DEFINITIONS = (
					"DEBUG=1",
					"$(inherited)",
				);
				INFOPLIST_FILE = "techlingoTests/techlingoTests-Info.plist";
				PRODUCT_NAME = "$(TARGET_NAME)";
				TEST_HOST = "$(BUNDLE_LOADER)";
				WRAPPER_EXTENSION = xctest;
			};
			name = Debug;
		};
		CEED3F1F19589DB0002D1785 /* Release */ = {
			isa = XCBuildConfiguration;
			buildSettings = {
				BUNDLE_LOADER = "$(BUILT_PRODUCTS_DIR)/techlingo.app/techlingo";
				FRAMEWORK_SEARCH_PATHS = (
					"$(SDKROOT)/Developer/Library/Frameworks",
					"$(inherited)",
					"$(DEVELOPER_FRAMEWORKS_DIR)",
				);
				GCC_PRECOMPILE_PREFIX_HEADER = YES;
				GCC_PREFIX_HEADER = "techlingo-Prefix.pch";
				INFOPLIST_FILE = "techlingoTests/techlingoTests-Info.plist";
				PRODUCT_NAME = "$(TARGET_NAME)";
				TEST_HOST = "$(BUNDLE_LOADER)";
				WRAPPER_EXTENSION = xctest;
			};
			name = Release;
		};
/* End XCBuildConfiguration section */

/* Begin XCConfigurationList section */
		CEED3EDD19589DB0002D1785 /* Build configuration list for PBXProject "techlingo" */ = {
			isa = XCConfigurationList;
			buildConfigurations = (
				CEED3F1819589DB0002D1785 /* Debug */,
				CEED3F1919589DB0002D1785 /* Release */,
			);
			defaultConfigurationIsVisible = 0;
			defaultConfigurationName = Release;
		};
		CEED3F1A19589DB0002D1785 /* Build configuration list for PBXNativeTarget "techlingo" */ = {
			isa = XCConfigurationList;
			buildConfigurations = (
				CEED3F1B19589DB0002D1785 /* Debug */,
				CEED3F1C19589DB0002D1785 /* Release */,
			);
			defaultConfigurationIsVisible = 0;
			defaultConfigurationName = Release;
		};
		CEED3F1D19589DB0002D1785 /* Build configuration list for PBXNativeTarget "techlingoTests" */ = {
			isa = XCConfigurationList;
			buildConfigurations = (
				CEED3F1E19589DB0002D1785 /* Debug */,
				CEED3F1F19589DB0002D1785 /* Release */,
			);
			defaultConfigurationIsVisible = 0;
			defaultConfigurationName = Release;
		};
/* End XCConfigurationList section */
	};
	rootObject = CEED3EDA19589DB0002D1785 /* Project object */;
}
