// !$*UTF8*$!
{
	archiveVersion = 1;
	classes = {
	};
	objectVersion = 46;
	objects = {

/* Begin PBXBuildFile section */
		CEED3EE619589DB0002D1785 /* Foundation.framework in Frameworks */ = {isa = PBXBuildFile; fileRef = CEED3EE519589DB0002D1785 /* Foundation.framework */; };
		CEED3EE819589DB0002D1785 /* CoreGraphics.framework in Frameworks */ = {isa = PBXBuildFile; fileRef = CEED3EE719589DB0002D1785 /* CoreGraphics.framework */; };
		CEED3EEA19589DB0002D1785 /* UIKit.framework in Frameworks */ = {isa = PBXBuildFile; fileRef = CEED3EE919589DB0002D1785 /* UIKit.framework */; };
		CEED3EF019589DB0002D1785 /* InfoPlist.strings in Resources */ = {isa = PBXBuildFile; fileRef = CEED3EEE19589DB0002D1785 /* InfoPlist.strings */; };
		CEED3EF219589DB0002D1785 /* main.m in Sources */ = {isa = PBXBuildFile; fileRef = CEED3EF119589DB0002D1785 /* main.m */; };
		CEED3EF619589DB0002D1785 /* AppDelegate.m in Sources */ = {isa = PBXBuildFile; fileRef = CEED3EF519589DB0002D1785 /* AppDelegate.m */; };
		CEED3EF919589DB0002D1785 /* Main_iPhone.storyboard in Resources */ = {isa = PBXBuildFile; fileRef = CEED3EF719589DB0002D1785 /* Main_iPhone.storyboard */; };
		CEED3EFC19589DB0002D1785 /* Main_iPad.storyboard in Resources */ = {isa = PBXBuildFile; fileRef = CEED3EFA19589DB0002D1785 /* Main_iPad.storyboard */; };
		CEED3EFF19589DB0002D1785 /* MasterViewController.m in Sources */ = {isa = PBXBuildFile; fileRef = CEED3EFE19589DB0002D1785 /* MasterViewController.m */; };
		CEED3F0219589DB0002D1785 /* DetailViewController.m in Sources */ = {isa = PBXBuildFile; fileRef = CEED3F0119589DB0002D1785 /* DetailViewController.m */; };
		CEED3F0419589DB0002D1785 /* Images.xcassets in Resources */ = {isa = PBXBuildFile; fileRef = CEED3F0319589DB0002D1785 /* Images.xcassets */; };
		CEED3F0B19589DB0002D1785 /* XCTest.framework in Frameworks */ = {isa = PBXBuildFile; fileRef = CEED3F0A19589DB0002D1785 /* XCTest.framework */; };
		CEED3F0C19589DB0002D1785 /* Foundation.framework in Frameworks */ = {isa = PBXBuildFile; fileRef = CEED3EE519589DB0002D1785 /* Foundation.framework */; };
		CEED3F0D19589DB0002D1785 /* UIKit.framework in Frameworks */ = {isa = PBXBuildFile; fileRef = CEED3EE919589DB0002D1785 /* UIKit.framework */; };
		CEED3F1519589DB0002D1785 /* InfoPlist.strings in Resources */ = {isa = PBXBuildFile; fileRef = CEED3F1319589DB0002D1785 /* InfoPlist.strings */; };
		CEED3F1719589DB0002D1785 /* techlingoTests.m in Sources */ = {isa = PBXBuildFile; fileRef = CEED3F1619589DB0002D1785 /* techlingoTests.m */; };
/* End PBXBuildFile section */

/* Begin PBXContainerItemProxy section */
		CEED3F0E19589DB0002D1785 /* PBXContainerItemProxy */ = {
			isa = PBXContainerItemProxy;
			containerPortal = CEED3EDA19589DB0002D1785 /* Project object */;
			proxyType = 1;
			remoteGlobalIDString = CEED3EE119589DB0002D1785;
			remoteInfo = techlingo;
		};
/* End PBXContainerItemProxy section */

/* Begin PBXFileReference section */
		CEED3EE219589DB0002D1785 /* techlingo.app */ = {isa = PBXFileReference; explicitFileType = wrapper.application; includeInIndex = 0; path = techlingo.app; sourceTree = BUILT_PRODUCTS_DIR; };
		CEED3EE519589DB0002D1785 /* Foundation.framework */ = {isa = PBXFileReference; lastKnownFileType = wrapper.framework; name = Foundation.framework; path = System/Library/Frameworks/Foundation.framework; sourceTree = SDKROOT; };
		CEED3EE719589DB0002D1785 /* CoreGraphics.framework */ = {isa = PBXFileReference; lastKnownFileType = wrapper.framework; name = CoreGraphics.framework; path = System/Library/Frameworks/CoreGraphics.framework; sourceTree = SDKROOT; };
		CEED3EE919589DB0002D1785 /* UIKit.framework */ = {isa = PBXFileReference; lastKnownFileType = wrapper.framework; name = UIKit.framework; path = System/Library/Frameworks/UIKit.framework; sourceTree = SDKROOT; };
		CEED3EED19589DB0002D1785 /* techlingo-Info.plist */ = {isa = PBXFileReference; lastKnownFileType = text.plist.xml; path = "techlingo-Info.plist"; sourceTree = "<group>"; };
		CEED3EEF19589DB0002D1785 /* en */ = {isa = PBXFileReference; lastKnownFileType = text.plist.strings; name = en; path = en.lproj/InfoPlist.strings; sourceTree = "<group>"; };
		CEED3EF119589DB0002D1785 /* main.m */ = {isa = PBXFileReference; lastKnownFileType = sourcecode.c.objc; path = main.m; sourceTree = "<group>"; };
		CEED3EF319589DB0002D1785 /* techlingo-Prefix.pch */ = {isa = PBXFileReference; lastKnownFileType = sourcecode.c.h; path = "techlingo-Prefix.pch"; sourceTree = "<group>"; };
		CEED3EF419589DB0002D1785 /* AppDelegate.h */ = {isa = PBXFileReference; lastKnownFileType = sourcecode.c.h; path = AppDelegate.h; sourceTree = "<group>"; };
		CEED3EF519589DB0002D1785 /* AppDelegate.m */ = {isa = PBXFileReference; lastKnownFileType = sourcecode.c.objc; path = AppDelegate.m; sourceTree = "<group>"; };
		CEED3EF819589DB0002D1785 /* Base */ = {isa = PBXFileReference; lastKnownFileType = file.storyboard; name = Base; path = Base.lproj/Main_iPhone.storyboard; sourceTree = "<group>"; };
		CEED3EFB19589DB0002D1785 /* Base */ = {isa = PBXFileReference; lastKnownFileType = file.storyboard; name = Base; path = Base.lproj/Main_iPad.storyboard; sourceTree = "<group>"; };
		CEED3EFD19589DB0002D1785 /* MasterViewController.h */ = {isa = PBXFileReference; lastKnownFileType = sourcecode.c.h; path = MasterViewController.h; sourceTree = "<group>"; };
		CEED3EFE19589DB0002D1785 /* MasterViewController.m */ = {isa = PBXFileReference; lastKnownFileType = sourcecode.c.objc; path = MasterViewController.m; sourceTree = "<group>"; };
		CEED3F0019589DB0002D1785 /* DetailViewController.h */ = {isa = PBXFileReference; lastKnownFileType = sourcecode.c.h; path = DetailViewController.h; sourceTree = "<group>"; };
		CEED3F0119589DB0002D1785 /* DetailViewController.m */ = {isa = PBXFileReference; lastKnownFileType = sourcecode.c.objc; path = DetailViewController.m; sourceTree = "<group>"; };
		CEED3F0319589DB0002D1785 /* Images.xcassets */ = {isa = PBXFileReference; lastKnownFileType = folder.assetcatalog; path = Images.xcassets; sourceTree = "<group>"; };
		CEED3F0919589DB0002D1785 /* techlingoTests.xctest */ = {isa = PBXFileReference; explicitFileType = wrapper.cfbundle; includeInIndex = 0; path = techlingoTests.xctest; sourceTree = BUILT_PRODUCTS_DIR; };
		CEED3F0A19589DB0002D1785 /* XCTest.framework */ = {isa = PBXFileReference; lastKnownFileType = wrapper.framework; name = XCTest.framework; path = Library/Frameworks/XCTest.framework; sourceTree = DEVELOPER_DIR; };
		CEED3F1219589DB0002D1785 /* techlingoTests-Info.plist */ = {isa = PBXFileReference; lastKnownFileType = text.plist.xml; path = "techlingoTests-Info.plist"; sourceTree = "<group>"; };
		CEED3F1419589DB0002D1785 /* en */ = {isa = PBXFileReference; lastKnownFileType = text.plist.strings; name = en; path = en.lproj/InfoPlist.strings; sourceTree = "<group>"; };
		CEED3F1619589DB0002D1785 /* techlingoTests.m */ = {isa = PBXFileReference; lastKnownFileType = sourcecode.c.objc; path = techlingoTests.m; sourceTree = "<group>"; };
/* End PBXFileReference section */

/* Begin PBXFrameworksBuildPhase section */
		CEED3EDF19589DB0002D1785 /* Frameworks */ = {
			isa = PBXFrameworksBuildPhase;
			buildActionMask = 2147483647;
			files = (
				CEED3EE819589DB0002D1785 /* CoreGraphics.framework in Frameworks */,
				CEED3EEA19589DB0002D1785 /* UIKit.framework in Frameworks */,
				CEED3EE619589DB0002D1785 /* Foundation.framework in Frameworks */,
			);
			runOnlyForDeploymentPostprocessing = 0;
		};
		CEED3F0619589DB0002D1785 /* Frameworks */ = {
			isa = PBXFrameworksBuildPhase;
			buildActionMask = 2147483647;
			files = (
				CEED3F0B19589DB0002D1785 /* XCTest.framework in Frameworks */,
				CEED3F0D19589DB0002D1785 /* UIKit.framework in Frameworks */,
				CEED3F0C19589DB0002D1785 /* Foundation.framework in Frameworks */,
			);
			runOnlyForDeploymentPostprocessing = 0;
		};
/* End PBXFrameworksBuildPhase section */

/* Begin PBXGroup section */
		CEED3ED919589DB0002D1785 = {
			isa = PBXGroup;
			children = (
				CEED3EEB19589DB0002D1785 /* techlingo */,
				CEED3F1019589DB0002D1785 /* techlingoTests */,
				CEED3EE419589DB0002D1785 /* Frameworks */,
				CEED3EE319589DB0002D1785 /* Products */,
			);
			sourceTree = "<group>";
		};
		CEED3EE319589DB0002D1785 /* Products */ = {
			isa = PBXGroup;
			children = (
				CEED3EE219589DB0002D1785 /* techlingo.app */,
				CEED3F0919589DB0002D1785 /* techlingoTests.xctest */,
			);
			name = Products;
			sourceTree = "<group>";
		};
		CEED3EE419589DB0002D1785 /* Frameworks */ = {
			isa = PBXGroup;
			children = (
				CEED3EE519589DB0002D1785 /* Foundation.framework */,
				CEED3EE719589DB0002D1785 /* CoreGraphics.framework */,
				CEED3EE919589DB0002D1785 /* UIKit.framework */,
				CEED3F0A19589DB0002D1785 /* XCTest.framework */,
			);
			name = Frameworks;
			sourceTree = "<group>";
		};
		CEED3EEB19589DB0002D1785 /* techlingo */ = {
			isa = PBXGroup;
			children = (
				CEED3EF419589DB0002D1785 /* AppDelegate.h */,
				CEED3EF519589DB0002D1785 /* AppDelegate.m */,
				CEED3EF719589DB0002D1785 /* Main_iPhone.storyboard */,
				CEED3EFA19589DB0002D1785 /* Main_iPad.storyboard */,
				CEED3EFD19589DB0002D1785 /* MasterViewController.h */,
				CEED3EFE19589DB0002D1785 /* MasterViewController.m */,
				CEED3F0019589DB0002D1785 /* DetailViewController.h */,
				CEED3F0119589DB0002D1785 /* DetailViewController.m */,
				CEED3F0319589DB0002D1785 /* Images.xcassets */,
				CEED3EEC19589DB0002D1785 /* Supporting Files */,
			);
			path = techlingo;
			sourceTree = "<group>";
		};
		CEED3EEC19589DB0002D1785 /* Supporting Files */ = {
			isa = PBXGroup;
			children = (
				CEED3EED19589DB0002D1785 /* techlingo-Info.plist */,
				CEED3EEE19589DB0002D1785 /* InfoPlist.strings */,
				CEED3EF119589DB0002D1785 /* main.m */,
				CEED3EF319589DB0002D1785 /* techlingo-Prefix.pch */,
			);
			name = "Supporting Files";
			sourceTree = "<group>";
		};
		CEED3F1019589DB0002D1785 /* techlingoTests */ = {
			isa = PBXGroup;
			children = (
				CEED3F1619589DB0002D1785 /* techlingoTests.m */,
				CEED3F1119589DB0002D1785 /* Supporting Files */,
			);
			path = techlingoTests;
			sourceTree = "<group>";
		};
		CEED3F1119589DB0002D1785 /* Supporting Files */ = {
			isa = PBXGroup;
			children = (
				CEED3F1219589DB0002D1785 /* techlingoTests-Info.plist */,
				CEED3F1319589DB0002D1785 /* InfoPlist.strings */,
			);
			name = "Supporting Files";
			sourceTree = "<group>";
		};
/* End PBXGroup section */

/* Begin PBXNativeTarget section */
		CEED3EE119589DB0002D1785 /* techlingo */ = {
			isa = PBXNativeTarget;
			buildConfigurationList = CEED3F1A19589DB0002D1785 /* Build configuration list for PBXNativeTarget "techlingo" */;
			buildPhases = (
				CEED3EDE19589DB0002D1785 /* Sources */,
				CEED3EDF19589DB0002D1785 /* Frameworks */,
				CEED3EE019589DB0002D1785 /* Resources */,
			);
			buildRules = (
			);
			dependencies = (
			);
			name = techlingo;
			productName = techlingo;
			productReference = CEED3EE219589DB0002D1785 /* techlingo.app */;
			productType = "com.apple.product-type.application";
		};
		CEED3F0819589DB0002D1785 /* techlingoTests */ = {
			isa = PBXNativeTarget;
			buildConfigurationList = CEED3F1D19589DB0002D1785 /* Build configuration list for PBXNativeTarget "techlingoTests" */;
			buildPhases = (
				CEED3F0519589DB0002D1785 /* Sources */,
				CEED3F0619589DB0002D1785 /* Frameworks */,
				CEED3F0719589DB0002D1785 /* Resources */,
			);
			buildRules = (
			);
			dependencies = (
				CEED3F0F19589DB0002D1785 /* PBXTargetDependency */,
			);
			name = techlingoTests;
			productName = techlingoTests;
			productReference = CEED3F0919589DB0002D1785 /* techlingoTests.xctest */;
			productType = "com.apple.product-type.bundle.unit-test";
		};
/* End PBXNativeTarget section */

/* Begin PBXProject section */
		CEED3EDA19589DB0002D1785 /* Project object */ = {
			isa = PBXProject;
			attributes = {
				LastUpgradeCheck = 0510;
				ORGANIZATIONNAME = "Brenden West";
				TargetAttributes = {
					CEED3F0819589DB0002D1785 = {
						TestTargetID = CEED3EE119589DB0002D1785;
					};
				};
			};
			buildConfigurationList = CEED3EDD19589DB0002D1785 /* Build configuration list for PBXProject "techlingo" */;
			compatibilityVersion = "Xcode 3.2";
			developmentRegion = English;
			hasScannedForEncodings = 0;
			knownRegions = (
				en,
				Base,
			);
			mainGroup = CEED3ED919589DB0002D1785;
			productRefGroup = CEED3EE319589DB0002D1785 /* Products */;
			projectDirPath = "";
			projectRoot = "";
			targets = (
				CEED3EE119589DB0002D1785 /* techlingo */,
				CEED3F0819589DB0002D1785 /* techlingoTests */,
			);
		};
/* End PBXProject section */

/* Begin PBXResourcesBuildPhase section */
		CEED3EE019589DB0002D1785 /* Resources */ = {
			isa = PBXResourcesBuildPhase;
			buildActionMask = 2147483647;
			files = (
				CEED3EFC19589DB0002D1785 /* Main_iPad.storyboard in Resources */,
				CEED3F0419589DB0002D1785 /* Images.xcassets in Resources */,
				CEED3EF919589DB0002D1785 /* Main_iPhone.storyboard in Resources */,
				CEED3EF019589DB0002D1785 /* InfoPlist.strings in Resources */,
			);
			runOnlyForDeploymentPostprocessing = 0;
		};
		CEED3F0719589DB0002D1785 /* Resources */ = {
			isa = PBXResourcesBuildPhase;
			buildActionMask = 2147483647;
			files = (
				CEED3F1519589DB0002D1785 /* InfoPlist.strings in Resources */,
			);
			runOnlyForDeploymentPostprocessing = 0;
		};
/* End PBXResourcesBuildPhase section */

/* Begin PBXSourcesBuildPhase section */
		CEED3EDE19589DB0002D1785 /* Sources */ = {
			isa = PBXSourcesBuildPhase;
			buildActionMask = 2147483647;
			files = (
				CEED3EF619589DB0002D1785 /* AppDelegate.m in Sources */,
				CEED3EFF19589DB0002D1785 /* MasterViewController.m in Sources */,
				CEED3EF219589DB0002D1785 /* main.m in Sources */,
				CEED3F0219589DB0002D1785 /* DetailViewController.m in Sources */,
			);
			runOnlyForDeploymentPostprocessing = 0;
		};
		CEED3F0519589DB0002D1785 /* Sources */ = {
			isa = PBXSourcesBuildPhase;
			buildActionMask = 2147483647;
			files = (
				CEED3F1719589DB0002D1785 /* techlingoTests.m in Sources */,
			);
			runOnlyForDeploymentPostprocessing = 0;
		};
/* End PBXSourcesBuildPhase section */

/* Begin PBXTargetDependency section */
		CEED3F0F19589DB0002D1785 /* PBXTargetDependency */ = {
			isa = PBXTargetDependency;
			target = CEED3EE119589DB0002D1785 /* techlingo */;
			targetProxy = CEED3F0E19589DB0002D1785 /* PBXContainerItemProxy */;
		};
/* End PBXTargetDependency section */

/* Begin PBXVariantGroup section */
		CEED3EEE19589DB0002D1785 /* InfoPlist.strings */ = {
			isa = PBXVariantGroup;
			children = (
				CEED3EEF19589DB0002D1785 /* en */,
			);
			name = InfoPlist.strings;
			sourceTree = "<group>";
		};
		CEED3EF719589DB0002D1785 /* Main_iPhone.storyboard */ = {
			isa = PBXVariantGroup;
			children = (
				CEED3EF819589DB0002D1785 /* Base */,
			);
			name = Main_iPhone.storyboard;
			sourceTree = "<group>";
		};
		CEED3EFA19589DB0002D1785 /* Main_iPad.storyboard */ = {
			isa = PBXVariantGroup;
			children = (
				CEED3EFB19589DB0002D1785 /* Base */,
			);
			name = Main_iPad.storyboard;
			sourceTree = "<group>";
		};
		CEED3F1319589DB0002D1785 /* InfoPlist.strings */ = {
			isa = PBXVariantGroup;
			children = (
				CEED3F1419589DB0002D1785 /* en */,
			);
			name = InfoPlist.strings;
			sourceTree = "<group>";
		};
/* End PBXVariantGroup section */

/* Begin XCBuildConfiguration section */
		CEED3F1819589DB0002D1785 /* Debug */ = {
			isa = XCBuildConfiguration;
			buildSettings = {
				ALWAYS_SEARCH_USER_PATHS = NO;
				CLANG_CXX_LANGUAGE_STANDARD = "gnu++0x";
				CLANG_CXX_LIBRARY = "libc++";
				CLANG_ENABLE_MODULES = YES;
				CLANG_ENABLE_OBJC_ARC = YES;
				CLANG_WARN_BOOL_CONVERSION = YES;
				CLANG_WARN_CONSTANT_CONVERSION = YES;
				CLANG_WARN_DIRECT_OBJC_ISA_USAGE = YES_ERROR;
				CLANG_WARN_EMPTY_BODY = YES;
				CLANG_WARN_ENUM_CONVERSION = YES;
				CLANG_WARN_INT_CONVERSION = YES;
				CLANG_WARN_OBJC_ROOT_CLASS = YES_ERROR;
				CLANG_WARN__DUPLICATE_METHOD_MATCH = YES;
				"CODE_SIGN_IDENTITY[sdk=iphoneos*]" = "iPhone Developer";
				COPY_PHASE_STRIP = NO;
				GCC_C_LANGUAGE_STANDARD = gnu99;
				GCC_DYNAMIC_NO_PIC = NO;
				GCC_OPTIMIZATION_LEVEL = 0;
				GCC_PREPROCESSOR_DEFINITIONS = (
					"DEBUG=1",
					"$(inherited)",
				);
				GCC_SYMBOLS_PRIVATE_EXTERN = NO;
				GCC_WARN_64_TO_32_BIT_CONVERSION = YES;
				GCC_WARN_ABOUT_RETURN_TYPE = YES_ERROR;
				GCC_WARN_UNDECLARED_SELECTOR = YES;
				GCC_WARN_UNINITIALIZED_AUTOS = YES_AGGRESSIVE;
				GCC_WARN_UNUSED_FUNCTION = YES;
				GCC_WARN_UNUSED_VARIABLE = YES;
				IPHONEOS_DEPLOYMENT_TARGET = 7.1;
				ONLY_ACTIVE_ARCH = YES;
				SDKROOT = iphoneos;
				TARGETED_DEVICE_FAMILY = "1,2";
			};
			name = Debug;
		};
		CEED3F1919589DB0002D1785 /* Release */ = {
			isa = XCBuildConfiguration;
			buildSettings = {
				ALWAYS_SEARCH_USER_PATHS = NO;
				CLANG_CXX_LANGUAGE_STANDARD = "gnu++0x";
				CLANG_CXX_LIBRARY = "libc++";
				CLANG_ENABLE_MODULES = YES;
				CLANG_ENABLE_OBJC_ARC = YES;
				CLANG_WARN_BOOL_CONVERSION = YES;
				CLANG_WARN_CONSTANT_CONVERSION = YES;
				CLANG_WARN_DIRECT_OBJC_ISA_USAGE = YES_ERROR;
				CLANG_WARN_EMPTY_BODY = YES;
				CLANG_WARN_ENUM_CONVERSION = YES;
				CLANG_WARN_INT_CONVERSION = YES;
				CLANG_WARN_OBJC_ROOT_CLASS = YES_ERROR;
				CLANG_WARN__DUPLICATE_METHOD_MATCH = YES;
				"CODE_SIGN_IDENTITY[sdk=iphoneos*]" = "iPhone Developer";
				COPY_PHASE_STRIP = YES;
				ENABLE_NS_ASSERTIONS = NO;
				GCC_C_LANGUAGE_STANDARD = gnu99;
				GCC_WARN_64_TO_32_BIT_CONVERSION = YES;
				GCC_WARN_ABOUT_RETURN_TYPE = YES_ERROR;
				GCC_WARN_UNDECLARED_SELECTOR = YES;
				GCC_WARN_UNINITIALIZED_AUTOS = YES_AGGRESSIVE;
				GCC_WARN_UNUSED_FUNCTION = YES;
				GCC_WARN_UNUSED_VARIABLE = YES;
				IPHONEOS_DEPLOYMENT_TARGET = 7.1;
				SDKROOT = iphoneos;
				TARGETED_DEVICE_FAMILY = "1,2";
				VALIDATE_PRODUCT = YES;
			};
			name = Release;
		};
		CEED3F1B19589DB0002D1785 /* Debug */ = {
			isa = XCBuildConfiguration;
			buildSettings = {
				ASSETCATALOG_COMPILER_APPICON_NAME = AppIcon;
				ASSETCATALOG_COMPILER_LAUNCHIMAGE_NAME = LaunchImage;
				GCC_PRECOMPILE_PREFIX_HEADER = YES;
				GCC_PREFIX_HEADER = "techlingo/techlingo-Prefix.pch";
				INFOPLIST_FILE = "techlingo/techlingo-Info.plist";
				PRODUCT_NAME = "$(TARGET_NAME)";
				WRAPPER_EXTENSION = app;
			};
			name = Debug;
		};
		CEED3F1C19589DB0002D1785 /* Release */ = {
			isa = XCBuildConfiguration;
			buildSettings = {
				ASSETCATALOG_COMPILER_APPICON_NAME = AppIcon;
				ASSETCATALOG_COMPILER_LAUNCHIMAGE_NAME = LaunchImage;
				GCC_PRECOMPILE_PREFIX_HEADER = YES;
				GCC_PREFIX_HEADER = "techlingo/techlingo-Prefix.pch";
				INFOPLIST_FILE = "techlingo/techlingo-Info.plist";
				PRODUCT_NAME = "$(TARGET_NAME)";
				WRAPPER_EXTENSION = app;
			};
			name = Release;
		};
		CEED3F1E19589DB0002D1785 /* Debug */ = {
			isa = XCBuildConfiguration;
			buildSettings = {
				BUNDLE_LOADER = "$(BUILT_PRODUCTS_DIR)/techlingo.app/techlingo";
				FRAMEWORK_SEARCH_PATHS = (
					"$(SDKROOT)/Developer/Library/Frameworks",
					"$(inherited)",
					"$(DEVELOPER_FRAMEWORKS_DIR)",
				);
				GCC_PRECOMPILE_PREFIX_HEADER = YES;
				GCC_PREFIX_HEADER = "techlingo/techlingo-Prefix.pch";
				GCC_PREPROCESSOR_DEFINITIONS = (
					"DEBUG=1",
					"$(inherited)",
				);
				INFOPLIST_FILE = "techlingoTests/techlingoTests-Info.plist";
				PRODUCT_NAME = "$(TARGET_NAME)";
				TEST_HOST = "$(BUNDLE_LOADER)";
				WRAPPER_EXTENSION = xctest;
			};
			name = Debug;
		};
		CEED3F1F19589DB0002D1785 /* Release */ = {
			isa = XCBuildConfiguration;
			buildSettings = {
				BUNDLE_LOADER = "$(BUILT_PRODUCTS_DIR)/techlingo.app/techlingo";
				FRAMEWORK_SEARCH_PATHS = (
					"$(SDKROOT)/Developer/Library/Frameworks",
					"$(inherited)",
					"$(DEVELOPER_FRAMEWORKS_DIR)",
				);
				GCC_PRECOMPILE_PREFIX_HEADER = YES;
				GCC_PREFIX_HEADER = "techlingo/techlingo-Prefix.pch";
				INFOPLIST_FILE = "techlingoTests/techlingoTests-Info.plist";
				PRODUCT_NAME = "$(TARGET_NAME)";
				TEST_HOST = "$(BUNDLE_LOADER)";
				WRAPPER_EXTENSION = xctest;
			};
			name = Release;
		};
/* End XCBuildConfiguration section */

/* Begin XCConfigurationList section */
		CEED3EDD19589DB0002D1785 /* Build configuration list for PBXProject "techlingo" */ = {
			isa = XCConfigurationList;
			buildConfigurations = (
				CEED3F1819589DB0002D1785 /* Debug */,
				CEED3F1919589DB0002D1785 /* Release */,
			);
			defaultConfigurationIsVisible = 0;
			defaultConfigurationName = Release;
		};
		CEED3F1A19589DB0002D1785 /* Build configuration list for PBXNativeTarget "techlingo" */ = {
			isa = XCConfigurationList;
			buildConfigurations = (
				CEED3F1B19589DB0002D1785 /* Debug */,
				CEED3F1C19589DB0002D1785 /* Release */,
			);
			defaultConfigurationIsVisible = 0;
		};
		CEED3F1D19589DB0002D1785 /* Build configuration list for PBXNativeTarget "techlingoTests" */ = {
			isa = XCConfigurationList;
			buildConfigurations = (
				CEED3F1E19589DB0002D1785 /* Debug */,
				CEED3F1F19589DB0002D1785 /* Release */,
			);
			defaultConfigurationIsVisible = 0;
		};
/* End XCConfigurationList section */
	};
	rootObject = CEED3EDA19589DB0002D1785 /* Project object */;
}
